{
    "_readme": [
        "This file locks the dependencies of your project to a known state",
        "Read more about it at https://getcomposer.org/doc/01-basic-usage.md#installing-dependencies",
        "This file is @generated automatically"
    ],
    "content-hash": "d541e486d3cee888ecf808376c83573a",
    "packages": [
        {
            "name": "davmixcool/php-sentiment-analyzer",
            "version": "1.0.1",
            "source": {
                "type": "git",
                "url": "https://github.com/davmixcool/php-sentiment-analyzer.git",
                "reference": "cd2afd36732935c0116eb90937fd59ea12d0f858"
            },
            "dist": {
                "type": "zip",
                "url": "https://api.github.com/repos/davmixcool/php-sentiment-analyzer/zipball/cd2afd36732935c0116eb90937fd59ea12d0f858",
                "reference": "cd2afd36732935c0116eb90937fd59ea12d0f858",
                "shasum": ""
            },
            "require": {
                "php": ">=5.5.9"
            },
            "type": "library",
            "autoload": {
                "psr-4": {
                    "Sentiment\\": "src/"
                }
            },
            "notification-url": "https://packagist.org/downloads/",
            "license": [
                "MIT"
            ],
            "authors": [
                {
                    "name": "David Oti",
                    "email": "davmixcool@gmail.com",
                    "role": "Software Developer"
                }
            ],
            "description": "PHP Sentiment Analyzer is a lexicon and rule-based sentiment analysis tool that is used to understand sentiments in a sentence using VADER (Valence Aware Dictionary and sentiment Reasoner).",
            "homepage": "https://github.com/davmixcool/php-sentiment-analyzer",
            "keywords": [
                "Deep learning",
                "Sentiment Analyzer",
                "ai",
                "machine learning",
                "nlp",
                "php",
                "social"
            ],
            "time": "2019-03-12T07:27:11+00:00"
        }
    ],
    "packages-dev": [],
    "aliases": [],
    "minimum-stability": "stable",
    "stability-flags": [],
    "prefer-stable": false,
    "prefer-lowest": false,
    "platform": [],
    "platform-dev": []
}
